
Microsoft Visual Studio Solution File, Format Version 12.00
# Visual Studio Version 16
VisualStudioVersion = 16.0.29905.134
MinimumVisualStudioVersion = 10.0.40219.1
Project("{FAE04EC0-301F-11D3-BF4B-00C04F79EFBC}") = "Homework 1", "Homework 1\Homework 1.csproj", "{22E9C3DF-91E7-4952-810C-FC5CA697BC4C}"
EndProject
Global
	GlobalSection(SolutionConfigurationPlatforms) = preSolution
		Debug|Any CPU = Debug|Any CPU
		Release|Any CPU = Release|Any CPU
	EndGlobalSection
	GlobalSection(ProjectConfigurationPlatforms) = postSolution
		{22E9C3DF-91E7-4952-810C-FC5CA697BC4C}.Debug|Any CPU.ActiveCfg = Debug|Any CPU
		{22E9C3DF-91E7-4952-810C-FC5CA697BC4C}.Debug|Any CPU.Build.0 = Debug|Any CPU
		{22E9C3DF-91E7-4952-810C-FC5CA697BC4C}.Release|Any CPU.ActiveCfg = Release|Any CPU
		{22E9C3DF-91E7-4952-810C-FC5CA697BC4C}.Release|Any CPU.Build.0 = Release|Any CPU
	EndGlobalSection
	GlobalSection(SolutionProperties) = preSolution
		HideSolutionNode = FALSE
	EndGlobalSection
	GlobalSection(ExtensibilityGlobals) = postSolution
		SolutionGuid = {EC3AAD67-9E39-4434-8762-7CA4F55BE984}
	EndGlobalSection
EndGlobal
